// !$*UTF8*$!
{
	archiveVersion = 1;
	classes = {
	};
	objectVersion = 55;
	objects = {

/* Begin PBXBuildFile section */
		7A2047882A8C9C7400DCADB2 /* hot.jpeg in Resources */ = {isa = PBXBuildFile; fileRef = 7A2047872A8C9C7400DCADB2 /* hot.jpeg */; };
		7A20478A2A8C9DBA00DCADB2 /* cloudy.jpeg in Resources */ = {isa = PBXBuildFile; fileRef = 7A2047892A8C9DBA00DCADB2 /* cloudy.jpeg */; };
		7A20478C2A8C9E3C00DCADB2 /* summer.jpeg in Resources */ = {isa = PBXBuildFile; fileRef = 7A20478B2A8C9E3C00DCADB2 /* summer.jpeg */; };
		7A20478E2A8CA9BD00DCADB2 /* snow.jpg in Resources */ = {isa = PBXBuildFile; fileRef = 7A20478D2A8CA9BD00DCADB2 /* snow.jpg */; };
		7A21AC3A2A89F02100A72EF0 /* ChoceCityViewController.swift in Sources */ = {isa = PBXBuildFile; fileRef = 7A21AC382A89F02100A72EF0 /* ChoceCityViewController.swift */; };
		7A21AC3B2A89F02100A72EF0 /* ChoceCityViewController.xib in Resources */ = {isa = PBXBuildFile; fileRef = 7A21AC392A89F02100A72EF0 /* ChoceCityViewController.xib */; };
		7A21AC3E2A8A605400A72EF0 /* ranin.JPG in Resources */ = {isa = PBXBuildFile; fileRef = 7A21AC3D2A8A605400A72EF0 /* ranin.JPG */; };
		7A3354992A84A8ED00A192BC /* AppDelegate.swift in Sources */ = {isa = PBXBuildFile; fileRef = 7A3354982A84A8ED00A192BC /* AppDelegate.swift */; };
		7A33549B2A84A8ED00A192BC /* SceneDelegate.swift in Sources */ = {isa = PBXBuildFile; fileRef = 7A33549A2A84A8ED00A192BC /* SceneDelegate.swift */; };
		7A3354A22A84A8EF00A192BC /* Assets.xcassets in Resources */ = {isa = PBXBuildFile; fileRef = 7A3354A12A84A8EF00A192BC /* Assets.xcassets */; };
		7A3354A52A84A8EF00A192BC /* LaunchScreen.storyboard in Resources */ = {isa = PBXBuildFile; fileRef = 7A3354A32A84A8EF00A192BC /* LaunchScreen.storyboard */; };
		7A3354B02A84A8EF00A192BC /* ApiTests.swift in Sources */ = {isa = PBXBuildFile; fileRef = 7A3354AF2A84A8EF00A192BC /* ApiTests.swift */; };
		7A3354BA2A84A8EF00A192BC /* ApiUITests.swift in Sources */ = {isa = PBXBuildFile; fileRef = 7A3354B92A84A8EF00A192BC /* ApiUITests.swift */; };
		7A3354BC2A84A8EF00A192BC /* ApiUITestsLaunchTests.swift in Sources */ = {isa = PBXBuildFile; fileRef = 7A3354BB2A84A8EF00A192BC /* ApiUITestsLaunchTests.swift */; };
		7A3354D02A84B7B100A192BC /* PhModel.swift in Sources */ = {isa = PBXBuildFile; fileRef = 7A3354CF2A84B7B100A192BC /* PhModel.swift */; };
		7A50AD8D2A8619E600616D38 /* NetworkManager.swift in Sources */ = {isa = PBXBuildFile; fileRef = 7A50AD8C2A8619E600616D38 /* NetworkManager.swift */; };
		7A50AD8F2A861A0E00616D38 /* NetworkConstants.swift in Sources */ = {isa = PBXBuildFile; fileRef = 7A50AD8E2A861A0E00616D38 /* NetworkConstants.swift */; };
/* End PBXBuildFile section */

/* Begin PBXContainerItemProxy section */
		7A3354AC2A84A8EF00A192BC /* PBXContainerItemProxy */ = {
			isa = PBXContainerItemProxy;
			containerPortal = 7A33548D2A84A8ED00A192BC /* Project object */;
			proxyType = 1;
			remoteGlobalIDString = 7A3354942A84A8ED00A192BC;
			remoteInfo = Api;
		};
		7A3354B62A84A8EF00A192BC /* PBXContainerItemProxy */ = {
			isa = PBXContainerItemProxy;
			containerPortal = 7A33548D2A84A8ED00A192BC /* Project object */;
			proxyType = 1;
			remoteGlobalIDString = 7A3354942A84A8ED00A192BC;
			remoteInfo = Api;
		};
/* End PBXContainerItemProxy section */

/* Begin PBXFileReference section */
		7A2047872A8C9C7400DCADB2 /* hot.jpeg */ = {isa = PBXFileReference; lastKnownFileType = image.jpeg; name = hot.jpeg; path = ../../../Downloads/hot.jpeg; sourceTree = "<group>"; };
		7A2047892A8C9DBA00DCADB2 /* cloudy.jpeg */ = {isa = PBXFileReference; lastKnownFileType = image.jpeg; name = cloudy.jpeg; path = ../../../Downloads/cloudy.jpeg; sourceTree = "<group>"; };
		7A20478B2A8C9E3C00DCADB2 /* summer.jpeg */ = {isa = PBXFileReference; lastKnownFileType = image.jpeg; name = summer.jpeg; path = ../../../Downloads/summer.jpeg; sourceTree = "<group>"; };
		7A20478D2A8CA9BD00DCADB2 /* snow.jpg */ = {isa = PBXFileReference; lastKnownFileType = image.jpeg; name = snow.jpg; path = ../../../Downloads/snow.jpg; sourceTree = "<group>"; };
		7A21AC382A89F02100A72EF0 /* ChoceCityViewController.swift */ = {isa = PBXFileReference; lastKnownFileType = sourcecode.swift; path = ChoceCityViewController.swift; sourceTree = "<group>"; };
		7A21AC392A89F02100A72EF0 /* ChoceCityViewController.xib */ = {isa = PBXFileReference; lastKnownFileType = file.xib; path = ChoceCityViewController.xib; sourceTree = "<group>"; };
		7A21AC3D2A8A605400A72EF0 /* ranin.JPG */ = {isa = PBXFileReference; lastKnownFileType = image.jpeg; name = ranin.JPG; path = ../../../Downloads/ranin.JPG; sourceTree = "<group>"; };
		7A3354952A84A8ED00A192BC /* Weather.app */ = {isa = PBXFileReference; explicitFileType = wrapper.application; includeInIndex = 0; path = Weather.app; sourceTree = BUILT_PRODUCTS_DIR; };
		7A3354982A84A8ED00A192BC /* AppDelegate.swift */ = {isa = PBXFileReference; lastKnownFileType = sourcecode.swift; path = AppDelegate.swift; sourceTree = "<group>"; };
		7A33549A2A84A8ED00A192BC /* SceneDelegate.swift */ = {isa = PBXFileReference; lastKnownFileType = sourcecode.swift; path = SceneDelegate.swift; sourceTree = "<group>"; };
		7A3354A12A84A8EF00A192BC /* Assets.xcassets */ = {isa = PBXFileReference; lastKnownFileType = folder.assetcatalog; path = Assets.xcassets; sourceTree = "<group>"; };
		7A3354A42A84A8EF00A192BC /* Base */ = {isa = PBXFileReference; lastKnownFileType = file.storyboard; name = Base; path = Base.lproj/LaunchScreen.storyboard; sourceTree = "<group>"; };
		7A3354A62A84A8EF00A192BC /* Info.plist */ = {isa = PBXFileReference; lastKnownFileType = text.plist.xml; path = Info.plist; sourceTree = "<group>"; };
		7A3354AB2A84A8EF00A192BC /* WeatherTests.xctest */ = {isa = PBXFileReference; explicitFileType = wrapper.cfbundle; includeInIndex = 0; path = WeatherTests.xctest; sourceTree = BUILT_PRODUCTS_DIR; };
		7A3354AF2A84A8EF00A192BC /* ApiTests.swift */ = {isa = PBXFileReference; lastKnownFileType = sourcecode.swift; path = ApiTests.swift; sourceTree = "<group>"; };
		7A3354B52A84A8EF00A192BC /* WeatherUITests.xctest */ = {isa = PBXFileReference; explicitFileType = wrapper.cfbundle; includeInIndex = 0; path = WeatherUITests.xctest; sourceTree = BUILT_PRODUCTS_DIR; };
		7A3354B92A84A8EF00A192BC /* ApiUITests.swift */ = {isa = PBXFileReference; lastKnownFileType = sourcecode.swift; path = ApiUITests.swift; sourceTree = "<group>"; };
		7A3354BB2A84A8EF00A192BC /* ApiUITestsLaunchTests.swift */ = {isa = PBXFileReference; lastKnownFileType = sourcecode.swift; path = ApiUITestsLaunchTests.swift; sourceTree = "<group>"; };
		7A3354CF2A84B7B100A192BC /* PhModel.swift */ = {isa = PBXFileReference; lastKnownFileType = sourcecode.swift; path = PhModel.swift; sourceTree = "<group>"; };
		7A50AD8C2A8619E600616D38 /* NetworkManager.swift */ = {isa = PBXFileReference; lastKnownFileType = sourcecode.swift; path = NetworkManager.swift; sourceTree = "<group>"; };
		7A50AD8E2A861A0E00616D38 /* NetworkConstants.swift */ = {isa = PBXFileReference; lastKnownFileType = sourcecode.swift; path = NetworkConstants.swift; sourceTree = "<group>"; };
/* End PBXFileReference section */

/* Begin PBXFrameworksBuildPhase section */
		7A3354922A84A8ED00A192BC /* Frameworks */ = {
			isa = PBXFrameworksBuildPhase;
			buildActionMask = 2147483647;
			files = (
			);
			runOnlyForDeploymentPostprocessing = 0;
		};
		7A3354A82A84A8EF00A192BC /* Frameworks */ = {
			isa = PBXFrameworksBuildPhase;
			buildActionMask = 2147483647;
			files = (
			);
			runOnlyForDeploymentPostprocessing = 0;
		};
		7A3354B22A84A8EF00A192BC /* Frameworks */ = {
			isa = PBXFrameworksBuildPhase;
			buildActionMask = 2147483647;
			files = (
			);
			runOnlyForDeploymentPostprocessing = 0;
		};
/* End PBXFrameworksBuildPhase section */

/* Begin PBXGroup section */
		7A21AC3C2A8A601800A72EF0 /* image */ = {
			isa = PBXGroup;
			children = (
				7A2047892A8C9DBA00DCADB2 /* cloudy.jpeg */,
				7A2047872A8C9C7400DCADB2 /* hot.jpeg */,
				7A20478B2A8C9E3C00DCADB2 /* summer.jpeg */,
				7A20478D2A8CA9BD00DCADB2 /* snow.jpg */,
				7A21AC3D2A8A605400A72EF0 /* ranin.JPG */,
			);
			path = image;
			sourceTree = "<group>";
		};
		7A33548C2A84A8ED00A192BC = {
			isa = PBXGroup;
			children = (
				7A21AC3C2A8A601800A72EF0 /* image */,
				7A3354CE2A84B78D00A192BC /* V */,
				7A3354CD2A84B78700A192BC /* M */,
				7A3354C82A84A95300A192BC /* C */,
				7A3354972A84A8ED00A192BC /* Weather */,
				7A3354AE2A84A8EF00A192BC /* ApiTests */,
				7A3354B82A84A8EF00A192BC /* ApiUITests */,
				7A3354962A84A8ED00A192BC /* Products */,
			);
			sourceTree = "<group>";
		};
		7A3354962A84A8ED00A192BC /* Products */ = {
			isa = PBXGroup;
			children = (
				7A3354952A84A8ED00A192BC /* Weather.app */,
				7A3354AB2A84A8EF00A192BC /* WeatherTests.xctest */,
				7A3354B52A84A8EF00A192BC /* WeatherUITests.xctest */,
			);
			name = Products;
			sourceTree = "<group>";
		};
		7A3354972A84A8ED00A192BC /* Weather */ = {
			isa = PBXGroup;
			children = (
				7A3354982A84A8ED00A192BC /* AppDelegate.swift */,
				7A33549A2A84A8ED00A192BC /* SceneDelegate.swift */,
				7A3354A12A84A8EF00A192BC /* Assets.xcassets */,
				7A3354A32A84A8EF00A192BC /* LaunchScreen.storyboard */,
				7A3354A62A84A8EF00A192BC /* Info.plist */,
			);
			path = Weather;
			sourceTree = "<group>";
		};
		7A3354AE2A84A8EF00A192BC /* ApiTests */ = {
			isa = PBXGroup;
			children = (
				7A3354AF2A84A8EF00A192BC /* ApiTests.swift */,
			);
			path = ApiTests;
			sourceTree = "<group>";
		};
		7A3354B82A84A8EF00A192BC /* ApiUITests */ = {
			isa = PBXGroup;
			children = (
				7A3354B92A84A8EF00A192BC /* ApiUITests.swift */,
				7A3354BB2A84A8EF00A192BC /* ApiUITestsLaunchTests.swift */,
			);
			path = ApiUITests;
			sourceTree = "<group>";
		};
		7A3354C82A84A95300A192BC /* C */ = {
			isa = PBXGroup;
			children = (
				7A21AC382A89F02100A72EF0 /* ChoceCityViewController.swift */,
				7A21AC392A89F02100A72EF0 /* ChoceCityViewController.xib */,
			);
			path = C;
			sourceTree = "<group>";
		};
		7A3354CD2A84B78700A192BC /* M */ = {
			isa = PBXGroup;
			children = (
				7A3354CF2A84B7B100A192BC /* PhModel.swift */,
				7A50AD8C2A8619E600616D38 /* NetworkManager.swift */,
				7A50AD8E2A861A0E00616D38 /* NetworkConstants.swift */,
			);
			path = M;
			sourceTree = "<group>";
		};
		7A3354CE2A84B78D00A192BC /* V */ = {
			isa = PBXGroup;
			children = (
			);
			path = V;
			sourceTree = "<group>";
		};
/* End PBXGroup section */

/* Begin PBXNativeTarget section */
		7A3354942A84A8ED00A192BC /* Weather */ = {
			isa = PBXNativeTarget;
			buildConfigurationList = 7A3354BF2A84A8EF00A192BC /* Build configuration list for PBXNativeTarget "Weather" */;
			buildPhases = (
				7A3354912A84A8ED00A192BC /* Sources */,
				7A3354922A84A8ED00A192BC /* Frameworks */,
				7A3354932A84A8ED00A192BC /* Resources */,
			);
			buildRules = (
			);
			dependencies = (
			);
			name = Weather;
			productName = Api;
			productReference = 7A3354952A84A8ED00A192BC /* Weather.app */;
			productType = "com.apple.product-type.application";
		};
		7A3354AA2A84A8EF00A192BC /* WeatherTests */ = {
			isa = PBXNativeTarget;
			buildConfigurationList = 7A3354C22A84A8EF00A192BC /* Build configuration list for PBXNativeTarget "WeatherTests" */;
			buildPhases = (
				7A3354A72A84A8EF00A192BC /* Sources */,
				7A3354A82A84A8EF00A192BC /* Frameworks */,
				7A3354A92A84A8EF00A192BC /* Resources */,
			);
			buildRules = (
			);
			dependencies = (
				7A3354AD2A84A8EF00A192BC /* PBXTargetDependency */,
			);
			name = WeatherTests;
			productName = ApiTests;
			productReference = 7A3354AB2A84A8EF00A192BC /* WeatherTests.xctest */;
			productType = "com.apple.product-type.bundle.unit-test";
		};
		7A3354B42A84A8EF00A192BC /* WeatherUITests */ = {
			isa = PBXNativeTarget;
			buildConfigurationList = 7A3354C52A84A8EF00A192BC /* Build configuration list for PBXNativeTarget "WeatherUITests" */;
			buildPhases = (
				7A3354B12A84A8EF00A192BC /* Sources */,
				7A3354B22A84A8EF00A192BC /* Frameworks */,
				7A3354B32A84A8EF00A192BC /* Resources */,
			);
			buildRules = (
			);
			dependencies = (
				7A3354B72A84A8EF00A192BC /* PBXTargetDependency */,
			);
			name = WeatherUITests;
			productName = ApiUITests;
			productReference = 7A3354B52A84A8EF00A192BC /* WeatherUITests.xctest */;
			productType = "com.apple.product-type.bundle.ui-testing";
		};
/* End PBXNativeTarget section */

/* Begin PBXProject section */
		7A33548D2A84A8ED00A192BC /* Project object */ = {
			isa = PBXProject;
			attributes = {
				BuildIndependentTargetsInParallel = 1;
				LastSwiftUpdateCheck = 1320;
				LastUpgradeCheck = 1320;
				TargetAttributes = {
					7A3354942A84A8ED00A192BC = {
						CreatedOnToolsVersion = 13.2.1;
					};
					7A3354AA2A84A8EF00A192BC = {
						CreatedOnToolsVersion = 13.2.1;
						TestTargetID = 7A3354942A84A8ED00A192BC;
					};
					7A3354B42A84A8EF00A192BC = {
						CreatedOnToolsVersion = 13.2.1;
						TestTargetID = 7A3354942A84A8ED00A192BC;
					};
				};
			};
			buildConfigurationList = 7A3354902A84A8ED00A192BC /* Build configuration list for PBXProject "Weather" */;
			compatibilityVersion = "Xcode 13.0";
			developmentRegion = en;
			hasScannedForEncodings = 0;
			knownRegions = (
				en,
				Base,
			);
			mainGroup = 7A33548C2A84A8ED00A192BC;
			productRefGroup = 7A3354962A84A8ED00A192BC /* Products */;
			projectDirPath = "";
			projectRoot = "";
			targets = (
				7A3354942A84A8ED00A192BC /* Weather */,
				7A3354AA2A84A8EF00A192BC /* WeatherTests */,
				7A3354B42A84A8EF00A192BC /* WeatherUITests */,
			);
		};
/* End PBXProject section */

/* Begin PBXResourcesBuildPhase section */
		7A3354932A84A8ED00A192BC /* Resources */ = {
			isa = PBXResourcesBuildPhase;
			buildActionMask = 2147483647;
			files = (
				7A3354A52A84A8EF00A192BC /* LaunchScreen.storyboard in Resources */,
				7A21AC3B2A89F02100A72EF0 /* ChoceCityViewController.xib in Resources */,
				7A3354A22A84A8EF00A192BC /* Assets.xcassets in Resources */,
				7A20478C2A8C9E3C00DCADB2 /* summer.jpeg in Resources */,
				7A20478A2A8C9DBA00DCADB2 /* cloudy.jpeg in Resources */,
				7A2047882A8C9C7400DCADB2 /* hot.jpeg in Resources */,
				7A21AC3E2A8A605400A72EF0 /* ranin.JPG in Resources */,
				7A20478E2A8CA9BD00DCADB2 /* snow.jpg in Resources */,
			);
			runOnlyForDeploymentPostprocessing = 0;
		};
		7A3354A92A84A8EF00A192BC /* Resources */ = {
			isa = PBXResourcesBuildPhase;
			buildActionMask = 2147483647;
			files = (
			);
			runOnlyForDeploymentPostprocessing = 0;
		};
		7A3354B32A84A8EF00A192BC /* Resources */ = {
			isa = PBXResourcesBuildPhase;
			buildActionMask = 2147483647;
			files = (
			);
			runOnlyForDeploymentPostprocessing = 0;
		};
/* End PBXResourcesBuildPhase section */

/* Begin PBXSourcesBuildPhase section */
		7A3354912A84A8ED00A192BC /* Sources */ = {
			isa = PBXSourcesBuildPhase;
			buildActionMask = 2147483647;
			files = (
				7A50AD8F2A861A0E00616D38 /* NetworkConstants.swift in Sources */,
				7A3354992A84A8ED00A192BC /* AppDelegate.swift in Sources */,
				7A3354D02A84B7B100A192BC /* PhModel.swift in Sources */,
				7A50AD8D2A8619E600616D38 /* NetworkManager.swift in Sources */,
				7A21AC3A2A89F02100A72EF0 /* ChoceCityViewController.swift in Sources */,
				7A33549B2A84A8ED00A192BC /* SceneDelegate.swift in Sources */,
			);
			runOnlyForDeploymentPostprocessing = 0;
		};
		7A3354A72A84A8EF00A192BC /* Sources */ = {
			isa = PBXSourcesBuildPhase;
			buildActionMask = 2147483647;
			files = (
				7A3354B02A84A8EF00A192BC /* ApiTests.swift in Sources */,
			);
			runOnlyForDeploymentPostprocessing = 0;
		};
		7A3354B12A84A8EF00A192BC /* Sources */ = {
			isa = PBXSourcesBuildPhase;
			buildActionMask = 2147483647;
			files = (
				7A3354BA2A84A8EF00A192BC /* ApiUITests.swift in Sources */,
				7A3354BC2A84A8EF00A192BC /* ApiUITestsLaunchTests.swift in Sources */,
			);
			runOnlyForDeploymentPostprocessing = 0;
		};
/* End PBXSourcesBuildPhase section */

/* Begin PBXTargetDependency section */
		7A3354AD2A84A8EF00A192BC /* PBXTargetDependency */ = {
			isa = PBXTargetDependency;
			target = 7A3354942A84A8ED00A192BC /* Weather */;
			targetProxy = 7A3354AC2A84A8EF00A192BC /* PBXContainerItemProxy */;
		};
		7A3354B72A84A8EF00A192BC /* PBXTargetDependency */ = {
			isa = PBXTargetDependency;
			target = 7A3354942A84A8ED00A192BC /* Weather */;
			targetProxy = 7A3354B62A84A8EF00A192BC /* PBXContainerItemProxy */;
		};
/* End PBXTargetDependency section */

/* Begin PBXVariantGroup section */
		7A3354A32A84A8EF00A192BC /* LaunchScreen.storyboard */ = {
			isa = PBXVariantGroup;
			children = (
				7A3354A42A84A8EF00A192BC /* Base */,
			);
			name = LaunchScreen.storyboard;
			sourceTree = "<group>";
		};
/* End PBXVariantGroup section */

/* Begin XCBuildConfiguration section */
		7A3354BD2A84A8EF00A192BC /* Debug */ = {
			isa = XCBuildConfiguration;
			buildSettings = {
				ALWAYS_SEARCH_USER_PATHS = NO;
				CLANG_ANALYZER_NONNULL = YES;
				CLANG_ANALYZER_NUMBER_OBJECT_CONVERSION = YES_AGGRESSIVE;
				CLANG_CXX_LANGUAGE_STANDARD = "gnu++17";
				CLANG_CXX_LIBRARY = "libc++";
				CLANG_ENABLE_MODULES = YES;
				CLANG_ENABLE_OBJC_ARC = YES;
				CLANG_ENABLE_OBJC_WEAK = YES;
				CLANG_WARN_BLOCK_CAPTURE_AUTORELEASING = YES;
				CLANG_WARN_BOOL_CONVERSION = YES;
				CLANG_WARN_COMMA = YES;
				CLANG_WARN_CONSTANT_CONVERSION = YES;
				CLANG_WARN_DEPRECATED_OBJC_IMPLEMENTATIONS = YES;
				CLANG_WARN_DIRECT_OBJC_ISA_USAGE = YES_ERROR;
				CLANG_WARN_DOCUMENTATION_COMMENTS = YES;
				CLANG_WARN_EMPTY_BODY = YES;
				CLANG_WARN_ENUM_CONVERSION = YES;
				CLANG_WARN_INFINITE_RECURSION = YES;
				CLANG_WARN_INT_CONVERSION = YES;
				CLANG_WARN_NON_LITERAL_NULL_CONVERSION = YES;
				CLANG_WARN_OBJC_IMPLICIT_RETAIN_SELF = YES;
				CLANG_WARN_OBJC_LITERAL_CONVERSION = YES;
				CLANG_WARN_OBJC_ROOT_CLASS = YES_ERROR;
				CLANG_WARN_QUOTED_INCLUDE_IN_FRAMEWORK_HEADER = YES;
				CLANG_WARN_RANGE_LOOP_ANALYSIS = YES;
				CLANG_WARN_STRICT_PROTOTYPES = YES;
				CLANG_WARN_SUSPICIOUS_MOVE = YES;
				CLANG_WARN_UNGUARDED_AVAILABILITY = YES_AGGRESSIVE;
				CLANG_WARN_UNREACHABLE_CODE = YES;
				CLANG_WARN__DUPLICATE_METHOD_MATCH = YES;
				COPY_PHASE_STRIP = NO;
				DEBUG_INFORMATION_FORMAT = dwarf;
				ENABLE_STRICT_OBJC_MSGSEND = YES;
				ENABLE_TESTABILITY = YES;
				GCC_C_LANGUAGE_STANDARD = gnu11;
				GCC_DYNAMIC_NO_PIC = NO;
				GCC_NO_COMMON_BLOCKS = YES;
				GCC_OPTIMIZATION_LEVEL = 0;
				GCC_PREPROCESSOR_DEFINITIONS = (
					"DEBUG=1",
					"$(inherited)",
				);
				GCC_WARN_64_TO_32_BIT_CONVERSION = YES;
				GCC_WARN_ABOUT_RETURN_TYPE = YES_ERROR;
				GCC_WARN_UNDECLARED_SELECTOR = YES;
				GCC_WARN_UNINITIALIZED_AUTOS = YES_AGGRESSIVE;
				GCC_WARN_UNUSED_FUNCTION = YES;
				GCC_WARN_UNUSED_VARIABLE = YES;
				IPHONEOS_DEPLOYMENT_TARGET = 15.2;
				MTL_ENABLE_DEBUG_INFO = INCLUDE_SOURCE;
				MTL_FAST_MATH = YES;
				ONLY_ACTIVE_ARCH = YES;
				SDKROOT = iphoneos;
				SWIFT_ACTIVE_COMPILATION_CONDITIONS = DEBUG;
				SWIFT_OPTIMIZATION_LEVEL = "-Onone";
			};
			name = Debug;
		};
		7A3354BE2A84A8EF00A192BC /* Release */ = {
			isa = XCBuildConfiguration;
			buildSettings = {
				ALWAYS_SEARCH_USER_PATHS = NO;
				CLANG_ANALYZER_NONNULL = YES;
				CLANG_ANALYZER_NUMBER_OBJECT_CONVERSION = YES_AGGRESSIVE;
				CLANG_CXX_LANGUAGE_STANDARD = "gnu++17";
				CLANG_CXX_LIBRARY = "libc++";
				CLANG_ENABLE_MODULES = YES;
				CLANG_ENABLE_OBJC_ARC = YES;
				CLANG_ENABLE_OBJC_WEAK = YES;
				CLANG_WARN_BLOCK_CAPTURE_AUTORELEASING = YES;
				CLANG_WARN_BOOL_CONVERSION = YES;
				CLANG_WARN_COMMA = YES;
				CLANG_WARN_CONSTANT_CONVERSION = YES;
				CLANG_WARN_DEPRECATED_OBJC_IMPLEMENTATIONS = YES;
				CLANG_WARN_DIRECT_OBJC_ISA_USAGE = YES_ERROR;
				CLANG_WARN_DOCUMENTATION_COMMENTS = YES;
				CLANG_WARN_EMPTY_BODY = YES;
				CLANG_WARN_ENUM_CONVERSION = YES;
				CLANG_WARN_INFINITE_RECURSION = YES;
				CLANG_WARN_INT_CONVERSION = YES;
				CLANG_WARN_NON_LITERAL_NULL_CONVERSION = YES;
				CLANG_WARN_OBJC_IMPLICIT_RETAIN_SELF = YES;
				CLANG_WARN_OBJC_LITERAL_CONVERSION = YES;
				CLANG_WARN_OBJC_ROOT_CLASS = YES_ERROR;
				CLANG_WARN_QUOTED_INCLUDE_IN_FRAMEWORK_HEADER = YES;
				CLANG_WARN_RANGE_LOOP_ANALYSIS = YES;
				CLANG_WARN_STRICT_PROTOTYPES = YES;
				CLANG_WARN_SUSPICIOUS_MOVE = YES;
				CLANG_WARN_UNGUARDED_AVAILABILITY = YES_AGGRESSIVE;
				CLANG_WARN_UNREACHABLE_CODE = YES;
				CLANG_WARN__DUPLICATE_METHOD_MATCH = YES;
				COPY_PHASE_STRIP = NO;
				DEBUG_INFORMATION_FORMAT = "dwarf-with-dsym";
				ENABLE_NS_ASSERTIONS = NO;
				ENABLE_STRICT_OBJC_MSGSEND = YES;
				GCC_C_LANGUAGE_STANDARD = gnu11;
				GCC_NO_COMMON_BLOCKS = YES;
				GCC_WARN_64_TO_32_BIT_CONVERSION = YES;
				GCC_WARN_ABOUT_RETURN_TYPE = YES_ERROR;
				GCC_WARN_UNDECLARED_SELECTOR = YES;
				GCC_WARN_UNINITIALIZED_AUTOS = YES_AGGRESSIVE;
				GCC_WARN_UNUSED_FUNCTION = YES;
				GCC_WARN_UNUSED_VARIABLE = YES;
				IPHONEOS_DEPLOYMENT_TARGET = 15.2;
				MTL_ENABLE_DEBUG_INFO = NO;
				MTL_FAST_MATH = YES;
				SDKROOT = iphoneos;
				SWIFT_COMPILATION_MODE = wholemodule;
				SWIFT_OPTIMIZATION_LEVEL = "-O";
				VALIDATE_PRODUCT = YES;
			};
			name = Release;
		};
		7A3354C02A84A8EF00A192BC /* Debug */ = {
			isa = XCBuildConfiguration;
			buildSettings = {
				ASSETCATALOG_COMPILER_APPICON_NAME = AppIcon;
				ASSETCATALOG_COMPILER_GLOBAL_ACCENT_COLOR_NAME = AccentColor;
				CODE_SIGN_STYLE = Automatic;
				CURRENT_PROJECT_VERSION = 1;
				DEVELOPMENT_TEAM = S8FBP4YLUA;
				GENERATE_INFOPLIST_FILE = YES;
				INFOPLIST_FILE = Weather/Info.plist;
				INFOPLIST_KEY_UIApplicationSupportsIndirectInputEvents = YES;
				INFOPLIST_KEY_UILaunchStoryboardName = LaunchScreen;
				INFOPLIST_KEY_UISupportedInterfaceOrientations_iPad = "UIInterfaceOrientationPortrait UIInterfaceOrientationPortraitUpsideDown UIInterfaceOrientationLandscapeLeft UIInterfaceOrientationLandscapeRight";
				INFOPLIST_KEY_UISupportedInterfaceOrientations_iPhone = "UIInterfaceOrientationPortrait UIInterfaceOrientationLandscapeLeft UIInterfaceOrientationLandscapeRight";
				LD_RUNPATH_SEARCH_PATHS = (
					"$(inherited)",
					"@executable_path/Frameworks",
				);
				MARKETING_VERSION = 1.0;
				PRODUCT_BUNDLE_IDENTIFIER = com.tim.Api;
				PRODUCT_NAME = "$(TARGET_NAME)";
				SWIFT_EMIT_LOC_STRINGS = YES;
				SWIFT_VERSION = 5.0;
				TARGETED_DEVICE_FAMILY = "1,2";
			};
			name = Debug;
		};
		7A3354C12A84A8EF00A192BC /* Release */ = {
			isa = XCBuildConfiguration;
			buildSettings = {
				ASSETCATALOG_COMPILER_APPICON_NAME = AppIcon;
				ASSETCATALOG_COMPILER_GLOBAL_ACCENT_COLOR_NAME = AccentColor;
				CODE_SIGN_STYLE = Automatic;
				CURRENT_PROJECT_VERSION = 1;
				DEVELOPMENT_TEAM = S8FBP4YLUA;
				GENERATE_INFOPLIST_FILE = YES;
				INFOPLIST_FILE = Weather/Info.plist;
				INFOPLIST_KEY_UIApplicationSupportsIndirectInputEvents = YES;
				INFOPLIST_KEY_UILaunchStoryboardName = LaunchScreen;
				INFOPLIST_KEY_UISupportedInterfaceOrientations_iPad = "UIInterfaceOrientationPortrait UIInterfaceOrientationPortraitUpsideDown UIInterfaceOrientationLandscapeLeft UIInterfaceOrientationLandscapeRight";
				INFOPLIST_KEY_UISupportedInterfaceOrientations_iPhone = "UIInterfaceOrientationPortrait UIInterfaceOrientationLandscapeLeft UIInterfaceOrientationLandscapeRight";
				LD_RUNPATH_SEARCH_PATHS = (
					"$(inherited)",
					"@executable_path/Frameworks",
				);
				MARKETING_VERSION = 1.0;
				PRODUCT_BUNDLE_IDENTIFIER = com.tim.Api;
				PRODUCT_NAME = "$(TARGET_NAME)";
				SWIFT_EMIT_LOC_STRINGS = YES;
				SWIFT_VERSION = 5.0;
				TARGETED_DEVICE_FAMILY = "1,2";
			};
			name = Release;
		};
		7A3354C32A84A8EF00A192BC /* Debug */ = {
			isa = XCBuildConfiguration;
			buildSettings = {
				ALWAYS_EMBED_SWIFT_STANDARD_LIBRARIES = YES;
				BUNDLE_LOADER = "$(TEST_HOST)";
				CODE_SIGN_STYLE = Automatic;
				CURRENT_PROJECT_VERSION = 1;
				DEVELOPMENT_TEAM = S8FBP4YLUA;
				GENERATE_INFOPLIST_FILE = YES;
				IPHONEOS_DEPLOYMENT_TARGET = 15.2;
				MARKETING_VERSION = 1.0;
				PRODUCT_BUNDLE_IDENTIFIER = com.tim.ApiTests;
				PRODUCT_NAME = "$(TARGET_NAME)";
				SWIFT_EMIT_LOC_STRINGS = NO;
				SWIFT_VERSION = 5.0;
				TARGETED_DEVICE_FAMILY = "1,2";
				TEST_HOST = "$(BUILT_PRODUCTS_DIR)/Weather.app/Weather";
			};
			name = Debug;
		};
		7A3354C42A84A8EF00A192BC /* Release */ = {
			isa = XCBuildConfiguration;
			buildSettings = {
				ALWAYS_EMBED_SWIFT_STANDARD_LIBRARIES = YES;
				BUNDLE_LOADER = "$(TEST_HOST)";
				CODE_SIGN_STYLE = Automatic;
				CURRENT_PROJECT_VERSION = 1;
				DEVELOPMENT_TEAM = S8FBP4YLUA;
				GENERATE_INFOPLIST_FILE = YES;
				IPHONEOS_DEPLOYMENT_TARGET = 15.2;
				MARKETING_VERSION = 1.0;
				PRODUCT_BUNDLE_IDENTIFIER = com.tim.ApiTests;
				PRODUCT_NAME = "$(TARGET_NAME)";
				SWIFT_EMIT_LOC_STRINGS = NO;
				SWIFT_VERSION = 5.0;
				TARGETED_DEVICE_FAMILY = "1,2";
				TEST_HOST = "$(BUILT_PRODUCTS_DIR)/Weather.app/Weather";
			};
			name = Release;
		};
		7A3354C62A84A8EF00A192BC /* Debug */ = {
			isa = XCBuildConfiguration;
			buildSettings = {
				ALWAYS_EMBED_SWIFT_STANDARD_LIBRARIES = YES;
				CODE_SIGN_STYLE = Automatic;
				CURRENT_PROJECT_VERSION = 1;
				DEVELOPMENT_TEAM = S8FBP4YLUA;
				GENERATE_INFOPLIST_FILE = YES;
				MARKETING_VERSION = 1.0;
				PRODUCT_BUNDLE_IDENTIFIER = com.tim.ApiUITests;
				PRODUCT_NAME = "$(TARGET_NAME)";
				SWIFT_EMIT_LOC_STRINGS = NO;
				SWIFT_VERSION = 5.0;
				TARGETED_DEVICE_FAMILY = "1,2";
				TEST_TARGET_NAME = Api;
			};
			name = Debug;
		};
		7A3354C72A84A8EF00A192BC /* Release */ = {
			isa = XCBuildConfiguration;
			buildSettings = {
				ALWAYS_EMBED_SWIFT_STANDARD_LIBRARIES = YES;
				CODE_SIGN_STYLE = Automatic;
				CURRENT_PROJECT_VERSION = 1;
				DEVELOPMENT_TEAM = S8FBP4YLUA;
				GENERATE_INFOPLIST_FILE = YES;
				MARKETING_VERSION = 1.0;
				PRODUCT_BUNDLE_IDENTIFIER = com.tim.ApiUITests;
				PRODUCT_NAME = "$(TARGET_NAME)";
				SWIFT_EMIT_LOC_STRINGS = NO;
				SWIFT_VERSION = 5.0;
				TARGETED_DEVICE_FAMILY = "1,2";
				TEST_TARGET_NAME = Api;
			};
			name = Release;
		};
/* End XCBuildConfiguration section */

/* Begin XCConfigurationList section */
		7A3354902A84A8ED00A192BC /* Build configuration list for PBXProject "Weather" */ = {
			isa = XCConfigurationList;
			buildConfigurations = (
				7A3354BD2A84A8EF00A192BC /* Debug */,
				7A3354BE2A84A8EF00A192BC /* Release */,
			);
			defaultConfigurationIsVisible = 0;
			defaultConfigurationName = Release;
		};
		7A3354BF2A84A8EF00A192BC /* Build configuration list for PBXNativeTarget "Weather" */ = {
			isa = XCConfigurationList;
			buildConfigurations = (
				7A3354C02A84A8EF00A192BC /* Debug */,
				7A3354C12A84A8EF00A192BC /* Release */,
			);
			defaultConfigurationIsVisible = 0;
			defaultConfigurationName = Release;
		};
		7A3354C22A84A8EF00A192BC /* Build configuration list for PBXNativeTarget "WeatherTests" */ = {
			isa = XCConfigurationList;
			buildConfigurations = (
				7A3354C32A84A8EF00A192BC /* Debug */,
				7A3354C42A84A8EF00A192BC /* Release */,
			);
			defaultConfigurationIsVisible = 0;
			defaultConfigurationName = Release;
		};
		7A3354C52A84A8EF00A192BC /* Build configuration list for PBXNativeTarget "WeatherUITests" */ = {
			isa = XCConfigurationList;
			buildConfigurations = (
				7A3354C62A84A8EF00A192BC /* Debug */,
				7A3354C72A84A8EF00A192BC /* Release */,
			);
			defaultConfigurationIsVisible = 0;
			defaultConfigurationName = Release;
		};
/* End XCConfigurationList section */
	};
	rootObject = 7A33548D2A84A8ED00A192BC /* Project object */;
}
